# This file is automatically @generated by Cargo.
# It is not intended for manual editing.
version = 3

[[package]]
name = "cfg-if"
version = "1.0.5"
source = "registry+https://github.com/rust-lang/crates.io-index"
checksum = "4e7648175b45a9a48536d676f68d918270699102aa8dab5496df06904c914600"

[[package]]
name = "dashu"
version = "0.6.0"
source = "registry+https://github.com/rust-lang/crates.io-index"
checksum = "d2731e5dcfa29119f6d3281bdadbbe2822a4741a963756cfbc0958a094d5945c"
dependencies = [
 "dashu-base",
 "dashu-cmplx",
 "dashu-float",
 "dashu-int",
 "dashu-macros",
 "dashu-ratio",
]

[[package]]
name = "dashu-base"
version = "0.6.0"
source = "registry+https://github.com/rust-lang/crates.io-index"
checksum = "fd9f3ef1b2d76f10fbc6a48d7b04e3dd8966242827ffcd987f3437c5e04ade21"
dependencies = [
 "num-modular",
]

[[package]]
name = "dashu-cmplx"
version = "0.6.0"
source = "registry+https://github.com/rust-lang/crates.io-index"
checksum = "73e3be86c3e4be6d6168229261aa526cb23f0c4e1ef4f89272e118a469807192"
dependencies = [
 "dashu-base",
 "dashu-float",
 "dashu-int",
 "num-modular",
 "num-order",
]

[[package]]
name = "dashu-float"
version = "0.6.0"
source = "registry+https://github.com/rust-lang/crates.io-index"
checksum = "542f7e260ebc9c95bec696d5a948238bbcf5f7c5eb621160531841d585958ef1"
dependencies = [
 "dashu-base",
 "dashu-int",
 "num-modular",
 "num-order",
 "static_assertions",
]

[[package]]
name = "dashu-int"
version = "0.6.0"
source = "registry+https://github.com/rust-lang/crates.io-index"
checksum = "87a89c01d9f8414897a573ab98d3bbb6b82be12017bb3c67920eb79830bcc620"
dependencies = [
 "cfg-if",
 "dashu-base",
 "num-modular",
 "num-order",
 "static_assertions",
]

[[package]]
name = "dashu-macros"
version = "0.6.0"
source = "registry+https://github.com/rust-lang/crates.io-index"
checksum = "149a0eeef7227b954175b890ae17a93464938725c063a3888b5a72fa98f3048f"
dependencies = [
 "dashu-base",
 "dashu-cmplx",
 "dashu-float",
 "dashu-int",
 "dashu-ratio",
 "pastey",
 "proc-macro2",
 "quote",
]

[[package]]
name = "dashu-ratio"
version = "0.6.0"
source = "registry+https://github.com/rust-lang/crates.io-index"
checksum = "8636f5d52aa726fb8478f3f7a2be0bb617f1f110cf9669dba75a6a683900e8dc"
dependencies = [
 "dashu-base",
 "dashu-float",
 "dashu-int",
 "num-modular",
 "num-order",
]

[[package]]
name = "geo_lang"
version = "0.1.0"
dependencies = [
 "dashu",
]

[[package]]
name = "num-modular"
version = "0.6.5"
source = "registry+https://github.com/rust-lang/crates.io-index"
checksum = "bd8e500409e6cd603b03e477c26a6caecdc27ac58979a53e881c75eafc079f44"

[[package]]
name = "num-order"
version = "1.2.0"
source = "registry+https://github.com/rust-lang/crates.io-index"
checksum = "537b596b97c40fcf8056d153049eb22f481c17ebce72a513ec9286e4986d1bb6"
dependencies = [
 "num-modular",
]

[[package]]
name = "pastey"
version = "0.2.3"
source = "registry+https://github.com/rust-lang/crates.io-index"
checksum = "2ee67f1008b1ba2321834326597b8e186293b049a023cdef258527550b9935b4"

[[package]]
name = "proc-macro2"
version = "1.0.107"
source = "registry+https://github.com/rust-lang/crates.io-index"
checksum = "985e7ec9bb745e6ce6535b544d84d6cd6f7ad8bd711c398938ae983b91a766d9"
dependencies = [
 "unicode-ident",
]

[[package]]
name = "quote"
version = "1.0.47"
source = "registry+https://github.com/rust-lang/crates.io-index"
checksum = "1fbf4db142a473a8d80c26bbf18454ed458bf8d26c8219c331daecfdbd079001"
dependencies = [
 "proc-macro2",
]

[[package]]
name = "static_assertions"
version = "1.1.0"
source = "registry+https://github.com/rust-lang/crates.io-index"
checksum = "a2eb9349b6444b326872e140eb1cf5e7c522154d69e7a0ffb0fb81c06b37543f"

[[package]]
name = "unicode-ident"
version = "1.0.26"
source = "registry+https://github.com/rust-lang/crates.io-index"
checksum = "d245f478577f809a851594d02313b640fb437e0bb33866753cff937863096954"
